
Microsoft Visual Studio Solution File, Format Version 12.00
# Visual Studio 2013
VisualStudioVersion = 12.0.31101.0
MinimumVisualStudioVersion = 10.0.40219.1
Project("{FAE04EC0-301F-11D3-BF4B-00C04F79EFBC}") = "PlatformTweaksSample", "PlatformTweaksSample\PlatformTweaksSample\PlatformTweaksSample.csproj", "{A0C4BCE6-D3E4-41F2-A813-15505A25F03E}"
EndProject
Project("{FAE04EC0-301F-11D3-BF4B-00C04F79EFBC}") = "PlatformTweaksSample.iOS", "PlatformTweaksSample\PlatformTweaksSample.iOS\PlatformTweaksSample.iOS.csproj", "{774A5366-3B80-49EE-B24E-3BDB168CDA65}"
EndProject
Project("{FAE04EC0-301F-11D3-BF4B-00C04F79EFBC}") = "PlatformTweaksSample.Droid", "PlatformTweaksSample\PlatformTweaksSample.Droid\PlatformTweaksSample.Droid.csproj", "{1A9E19A3-A6AD-40E9-82A4-4FC9E3CCC375}"
EndProject
Project("{FAE04EC0-301F-11D3-BF4B-00C04F79EFBC}") = "PlatformTweaksSample.WinPhone", "PlatformTweaksSample\PlatformTweaksSample.WinPhone\PlatformTweaksSample.WinPhone.csproj", "{CE3ADC65-679E-4E55-9D2F-91690AF23126}"
EndProject
Global
	GlobalSection(SolutionConfigurationPlatforms) = preSolution
		Ad-Hoc|Any CPU = Ad-Hoc|Any CPU
		Ad-Hoc|ARM = Ad-Hoc|ARM
		Ad-Hoc|iPhone = Ad-Hoc|iPhone
		Ad-Hoc|iPhoneSimulator = Ad-Hoc|iPhoneSimulator
		Ad-Hoc|Mixed Platforms = Ad-Hoc|Mixed Platforms
		Ad-Hoc|x86 = Ad-Hoc|x86
		AppStore|Any CPU = AppStore|Any CPU
		AppStore|ARM = AppStore|ARM
		AppStore|iPhone = AppStore|iPhone
		AppStore|iPhoneSimulator = AppStore|iPhoneSimulator
		AppStore|Mixed Platforms = AppStore|Mixed Platforms
		AppStore|x86 = AppStore|x86
		Debug|Any CPU = Debug|Any CPU
		Debug|ARM = Debug|ARM
		Debug|iPhone = Debug|iPhone
		Debug|iPhoneSimulator = Debug|iPhoneSimulator
		Debug|Mixed Platforms = Debug|Mixed Platforms
		Debug|x86 = Debug|x86
		Release|Any CPU = Release|Any CPU
		Release|ARM = Release|ARM
		Release|iPhone = Release|iPhone
		Release|iPhoneSimulator = Release|iPhoneSimulator
		Release|Mixed Platforms = Release|Mixed Platforms
		Release|x86 = Release|x86
	EndGlobalSection
	GlobalSection(ProjectConfigurationPlatforms) = postSolution
		{A0C4BCE6-D3E4-41F2-A813-15505A25F03E}.Ad-Hoc|Any CPU.ActiveCfg = Release|Any CPU
		{A0C4BCE6-D3E4-41F2-A813-15505A25F03E}.Ad-Hoc|Any CPU.Build.0 = Release|Any CPU
		{A0C4BCE6-D3E4-41F2-A813-15505A25F03E}.Ad-Hoc|ARM.ActiveCfg = Release|Any CPU
		{A0C4BCE6-D3E4-41F2-A813-15505A25F03E}.Ad-Hoc|iPhone.ActiveCfg = Release|Any CPU
		{A0C4BCE6-D3E4-41F2-A813-15505A25F03E}.Ad-Hoc|iPhoneSimulator.ActiveCfg = Release|Any CPU
		{A0C4BCE6-D3E4-41F2-A813-15505A25F03E}.Ad-Hoc|Mixed Platforms.ActiveCfg = Release|Any CPU
		{A0C4BCE6-D3E4-41F2-A813-15505A25F03E}.Ad-Hoc|Mixed Platforms.Build.0 = Release|Any CPU
		{A0C4BCE6-D3E4-41F2-A813-15505A25F03E}.Ad-Hoc|x86.ActiveCfg = Release|Any CPU
		{A0C4BCE6-D3E4-41F2-A813-15505A25F03E}.AppStore|Any CPU.ActiveCfg = Release|Any CPU
		{A0C4BCE6-D3E4-41F2-A813-15505A25F03E}.AppStore|Any CPU.Build.0 = Release|Any CPU
		{A0C4BCE6-D3E4-41F2-A813-15505A25F03E}.AppStore|ARM.ActiveCfg = Release|Any CPU
		{A0C4BCE6-D3E4-41F2-A813-15505A25F03E}.AppStore|iPhone.ActiveCfg = Release|Any CPU
		{A0C4BCE6-D3E4-41F2-A813-15505A25F03E}.AppStore|iPhoneSimulator.ActiveCfg = Release|Any CPU
		{A0C4BCE6-D3E4-41F2-A813-15505A25F03E}.AppStore|Mixed Platforms.ActiveCfg = Release|Any CPU
		{A0C4BCE6-D3E4-41F2-A813-15505A25F03E}.AppStore|Mixed Platforms.Build.0 = Release|Any CPU
		{A0C4BCE6-D3E4-41F2-A813-15505A25F03E}.AppStore|x86.ActiveCfg = Release|Any CPU
		{A0C4BCE6-D3E4-41F2-A813-15505A25F03E}.Debug|Any CPU.ActiveCfg = Debug|Any CPU
		{A0C4BCE6-D3E4-41F2-A813-15505A25F03E}.Debug|Any CPU.Build.0 = Debug|Any CPU
		{A0C4BCE6-D3E4-41F2-A813-15505A25F03E}.Debug|ARM.ActiveCfg = Debug|Any CPU
		{A0C4BCE6-D3E4-41F2-A813-15505A25F03E}.Debug|iPhone.ActiveCfg = Debug|Any CPU
		{A0C4BCE6-D3E4-41F2-A813-15505A25F03E}.Debug|iPhoneSimulator.ActiveCfg = Debug|Any CPU
		{A0C4BCE6-D3E4-41F2-A813-15505A25F03E}.Debug|iPhoneSimulator.Build.0 = Debug|Any CPU
		{A0C4BCE6-D3E4-41F2-A813-15505A25F03E}.Debug|Mixed Platforms.ActiveCfg = Debug|Any CPU
		{A0C4BCE6-D3E4-41F2-A813-15505A25F03E}.Debug|Mixed Platforms.Build.0 = Debug|Any CPU
		{A0C4BCE6-D3E4-41F2-A813-15505A25F03E}.Debug|x86.ActiveCfg = Debug|Any CPU
		{A0C4BCE6-D3E4-41F2-A813-15505A25F03E}.Release|Any CPU.ActiveCfg = Release|Any CPU
		{A0C4BCE6-D3E4-41F2-A813-15505A25F03E}.Release|Any CPU.Build.0 = Release|Any CPU
		{A0C4BCE6-D3E4-41F2-A813-15505A25F03E}.Release|ARM.ActiveCfg = Release|Any CPU
		{A0C4BCE6-D3E4-41F2-A813-15505A25F03E}.Release|iPhone.ActiveCfg = Release|Any CPU
		{A0C4BCE6-D3E4-41F2-A813-15505A25F03E}.Release|iPhoneSimulator.ActiveCfg = Release|Any CPU
		{A0C4BCE6-D3E4-41F2-A813-15505A25F03E}.Release|Mixed Platforms.ActiveCfg = Release|Any CPU
		{A0C4BCE6-D3E4-41F2-A813-15505A25F03E}.Release|Mixed Platforms.Build.0 = Release|Any CPU
		{A0C4BCE6-D3E4-41F2-A813-15505A25F03E}.Release|x86.ActiveCfg = Release|Any CPU
		{774A5366-3B80-49EE-B24E-3BDB168CDA65}.Ad-Hoc|Any CPU.ActiveCfg = Ad-Hoc|iPhone
		{774A5366-3B80-49EE-B24E-3BDB168CDA65}.Ad-Hoc|ARM.ActiveCfg = Ad-Hoc|iPhone
		{774A5366-3B80-49EE-B24E-3BDB168CDA65}.Ad-Hoc|iPhone.ActiveCfg = Ad-Hoc|iPhone
		{774A5366-3B80-49EE-B24E-3BDB168CDA65}.Ad-Hoc|iPhone.Build.0 = Ad-Hoc|iPhone
		{774A5366-3B80-49EE-B24E-3BDB168CDA65}.Ad-Hoc|iPhoneSimulator.ActiveCfg = Ad-Hoc|iPhoneSimulator
		{774A5366-3B80-49EE-B24E-3BDB168CDA65}.Ad-Hoc|iPhoneSimulator.Build.0 = Ad-Hoc|iPhoneSimulator
		{774A5366-3B80-49EE-B24E-3BDB168CDA65}.Ad-Hoc|Mixed Platforms.ActiveCfg = Ad-Hoc|iPhone
		{774A5366-3B80-49EE-B24E-3BDB168CDA65}.Ad-Hoc|Mixed Platforms.Build.0 = Ad-Hoc|iPhone
		{774A5366-3B80-49EE-B24E-3BDB168CDA65}.Ad-Hoc|x86.ActiveCfg = Ad-Hoc|iPhone
		{774A5366-3B80-49EE-B24E-3BDB168CDA65}.AppStore|Any CPU.ActiveCfg = AppStore|iPhone
		{774A5366-3B80-49EE-B24E-3BDB168CDA65}.AppStore|ARM.ActiveCfg = AppStore|iPhone
		{774A5366-3B80-49EE-B24E-3BDB168CDA65}.AppStore|iPhone.ActiveCfg = AppStore|iPhone
		{774A5366-3B80-49EE-B24E-3BDB168CDA65}.AppStore|iPhone.Build.0 = AppStore|iPhone
		{774A5366-3B80-49EE-B24E-3BDB168CDA65}.AppStore|iPhoneSimulator.ActiveCfg = AppStore|iPhoneSimulator
		{774A5366-3B80-49EE-B24E-3BDB168CDA65}.AppStore|iPhoneSimulator.Build.0 = AppStore|iPhoneSimulator
		{774A5366-3B80-49EE-B24E-3BDB168CDA65}.AppStore|Mixed Platforms.ActiveCfg = AppStore|iPhone
		{774A5366-3B80-49EE-B24E-3BDB168CDA65}.AppStore|Mixed Platforms.Build.0 = AppStore|iPhone
		{774A5366-3B80-49EE-B24E-3BDB168CDA65}.AppStore|x86.ActiveCfg = AppStore|iPhone
		{774A5366-3B80-49EE-B24E-3BDB168CDA65}.Debug|Any CPU.ActiveCfg = Debug|iPhone
		{774A5366-3B80-49EE-B24E-3BDB168CDA65}.Debug|ARM.ActiveCfg = Debug|iPhone
		{774A5366-3B80-49EE-B24E-3BDB168CDA65}.Debug|iPhone.ActiveCfg = Debug|iPhone
		{774A5366-3B80-49EE-B24E-3BDB168CDA65}.Debug|iPhone.Build.0 = Debug|iPhone
		{774A5366-3B80-49EE-B24E-3BDB168CDA65}.Debug|iPhoneSimulator.ActiveCfg = Debug|iPhoneSimulator
		{774A5366-3B80-49EE-B24E-3BDB168CDA65}.Debug|iPhoneSimulator.Build.0 = Debug|iPhoneSimulator
		{774A5366-3B80-49EE-B24E-3BDB168CDA65}.Debug|Mixed Platforms.ActiveCfg = Debug|iPhone
		{774A5366-3B80-49EE-B24E-3BDB168CDA65}.Debug|Mixed Platforms.Build.0 = Debug|iPhone
		{774A5366-3B80-49EE-B24E-3BDB168CDA65}.Debug|x86.ActiveCfg = Debug|iPhone
		{774A5366-3B80-49EE-B24E-3BDB168CDA65}.Release|Any CPU.ActiveCfg = Release|iPhone
		{774A5366-3B80-49EE-B24E-3BDB168CDA65}.Release|ARM.ActiveCfg = Release|iPhone
		{774A5366-3B80-49EE-B24E-3BDB168CDA65}.Release|iPhone.ActiveCfg = Release|iPhone
		{774A5366-3B80-49EE-B24E-3BDB168CDA65}.Release|iPhone.Build.0 = Release|iPhone
		{774A5366-3B80-49EE-B24E-3BDB168CDA65}.Release|iPhoneSimulator.ActiveCfg = Release|iPhoneSimulator
		{774A5366-3B80-49EE-B24E-3BDB168CDA65}.Release|iPhoneSimulator.Build.0 = Release|iPhoneSimulator
		{774A5366-3B80-49EE-B24E-3BDB168CDA65}.Release|Mixed Platforms.ActiveCfg = Release|iPhone
		{774A5366-3B80-49EE-B24E-3BDB168CDA65}.Release|Mixed Platforms.Build.0 = Release|iPhone
		{774A5366-3B80-49EE-B24E-3BDB168CDA65}.Release|x86.ActiveCfg = Release|iPhone
		{1A9E19A3-A6AD-40E9-82A4-4FC9E3CCC375}.Ad-Hoc|Any CPU.ActiveCfg = Release|Any CPU
		{1A9E19A3-A6AD-40E9-82A4-4FC9E3CCC375}.Ad-Hoc|Any CPU.Build.0 = Release|Any CPU
		{1A9E19A3-A6AD-40E9-82A4-4FC9E3CCC375}.Ad-Hoc|Any CPU.Deploy.0 = Release|Any CPU
		{1A9E19A3-A6AD-40E9-82A4-4FC9E3CCC375}.Ad-Hoc|ARM.ActiveCfg = Release|Any CPU
		{1A9E19A3-A6AD-40E9-82A4-4FC9E3CCC375}.Ad-Hoc|iPhone.ActiveCfg = Release|Any CPU
		{1A9E19A3-A6AD-40E9-82A4-4FC9E3CCC375}.Ad-Hoc|iPhoneSimulator.ActiveCfg = Release|Any CPU
		{1A9E19A3-A6AD-40E9-82A4-4FC9E3CCC375}.Ad-Hoc|Mixed Platforms.ActiveCfg = Release|Any CPU
		{1A9E19A3-A6AD-40E9-82A4-4FC9E3CCC375}.Ad-Hoc|Mixed Platforms.Build.0 = Release|Any CPU
		{1A9E19A3-A6AD-40E9-82A4-4FC9E3CCC375}.Ad-Hoc|Mixed Platforms.Deploy.0 = Release|Any CPU
		{1A9E19A3-A6AD-40E9-82A4-4FC9E3CCC375}.Ad-Hoc|x86.ActiveCfg = Release|Any CPU
		{1A9E19A3-A6AD-40E9-82A4-4FC9E3CCC375}.AppStore|Any CPU.ActiveCfg = Release|Any CPU
		{1A9E19A3-A6AD-40E9-82A4-4FC9E3CCC375}.AppStore|Any CPU.Build.0 = Release|Any CPU
		{1A9E19A3-A6AD-40E9-82A4-4FC9E3CCC375}.AppStore|Any CPU.Deploy.0 = Release|Any CPU
		{1A9E19A3-A6AD-40E9-82A4-4FC9E3CCC375}.AppStore|ARM.ActiveCfg = Release|Any CPU
		{1A9E19A3-A6AD-40E9-82A4-4FC9E3CCC375}.AppStore|iPhone.ActiveCfg = Release|Any CPU
		{1A9E19A3-A6AD-40E9-82A4-4FC9E3CCC375}.AppStore|iPhoneSimulator.ActiveCfg = Release|Any CPU
		{1A9E19A3-A6AD-40E9-82A4-4FC9E3CCC375}.AppStore|Mixed Platforms.ActiveCfg = Release|Any CPU
		{1A9E19A3-A6AD-40E9-82A4-4FC9E3CCC375}.AppStore|Mixed Platforms.Build.0 = Release|Any CPU
		{1A9E19A3-A6AD-40E9-82A4-4FC9E3CCC375}.AppStore|Mixed Platforms.Deploy.0 = Release|Any CPU
		{1A9E19A3-A6AD-40E9-82A4-4FC9E3CCC375}.AppStore|x86.ActiveCfg = Release|Any CPU
		{1A9E19A3-A6AD-40E9-82A4-4FC9E3CCC375}.Debug|Any CPU.ActiveCfg = Debug|Any CPU
		{1A9E19A3-A6AD-40E9-82A4-4FC9E3CCC375}.Debug|Any CPU.Build.0 = Debug|Any CPU
		{1A9E19A3-A6AD-40E9-82A4-4FC9E3CCC375}.Debug|Any CPU.Deploy.0 = Debug|Any CPU
		{1A9E19A3-A6AD-40E9-82A4-4FC9E3CCC375}.Debug|ARM.ActiveCfg = Debug|Any CPU
		{1A9E19A3-A6AD-40E9-82A4-4FC9E3CCC375}.Debug|iPhone.ActiveCfg = Debug|Any CPU
		{1A9E19A3-A6AD-40E9-82A4-4FC9E3CCC375}.Debug|iPhoneSimulator.ActiveCfg = Debug|Any CPU
		{1A9E19A3-A6AD-40E9-82A4-4FC9E3CCC375}.Debug|Mixed Platforms.ActiveCfg = Debug|Any CPU
		{1A9E19A3-A6AD-40E9-82A4-4FC9E3CCC375}.Debug|Mixed Platforms.Build.0 = Debug|Any CPU
		{1A9E19A3-A6AD-40E9-82A4-4FC9E3CCC375}.Debug|Mixed Platforms.Deploy.0 = Debug|Any CPU
		{1A9E19A3-A6AD-40E9-82A4-4FC9E3CCC375}.Debug|x86.ActiveCfg = Debug|Any CPU
		{1A9E19A3-A6AD-40E9-82A4-4FC9E3CCC375}.Release|Any CPU.ActiveCfg = Release|Any CPU
		{1A9E19A3-A6AD-40E9-82A4-4FC9E3CCC375}.Release|Any CPU.Build.0 = Release|Any CPU
		{1A9E19A3-A6AD-40E9-82A4-4FC9E3CCC375}.Release|Any CPU.Deploy.0 = Release|Any CPU
		{1A9E19A3-A6AD-40E9-82A4-4FC9E3CCC375}.Release|ARM.ActiveCfg = Release|Any CPU
		{1A9E19A3-A6AD-40E9-82A4-4FC9E3CCC375}.Release|iPhone.ActiveCfg = Release|Any CPU
		{1A9E19A3-A6AD-40E9-82A4-4FC9E3CCC375}.Release|iPhoneSimulator.ActiveCfg = Release|Any CPU
		{1A9E19A3-A6AD-40E9-82A4-4FC9E3CCC375}.Release|Mixed Platforms.ActiveCfg = Release|Any CPU
		{1A9E19A3-A6AD-40E9-82A4-4FC9E3CCC375}.Release|Mixed Platforms.Build.0 = Release|Any CPU
		{1A9E19A3-A6AD-40E9-82A4-4FC9E3CCC375}.Release|Mixed Platforms.Deploy.0 = Release|Any CPU
		{1A9E19A3-A6AD-40E9-82A4-4FC9E3CCC375}.Release|x86.ActiveCfg = Release|Any CPU
		{CE3ADC65-679E-4E55-9D2F-91690AF23126}.Ad-Hoc|Any CPU.ActiveCfg = Release|Any CPU
		{CE3ADC65-679E-4E55-9D2F-91690AF23126}.Ad-Hoc|Any CPU.Build.0 = Release|Any CPU
		{CE3ADC65-679E-4E55-9D2F-91690AF23126}.Ad-Hoc|Any CPU.Deploy.0 = Release|Any CPU
		{CE3ADC65-679E-4E55-9D2F-91690AF23126}.Ad-Hoc|ARM.ActiveCfg = Release|ARM
		{CE3ADC65-679E-4E55-9D2F-91690AF23126}.Ad-Hoc|ARM.Build.0 = Release|ARM
		{CE3ADC65-679E-4E55-9D2F-91690AF23126}.Ad-Hoc|ARM.Deploy.0 = Release|ARM
		{CE3ADC65-679E-4E55-9D2F-91690AF23126}.Ad-Hoc|iPhone.ActiveCfg = Release|Any CPU
		{CE3ADC65-679E-4E55-9D2F-91690AF23126}.Ad-Hoc|iPhoneSimulator.ActiveCfg = Release|Any CPU
		{CE3ADC65-679E-4E55-9D2F-91690AF23126}.Ad-Hoc|Mixed Platforms.ActiveCfg = Release|x86
		{CE3ADC65-679E-4E55-9D2F-91690AF23126}.Ad-Hoc|Mixed Platforms.Build.0 = Release|x86
		{CE3ADC65-679E-4E55-9D2F-91690AF23126}.Ad-Hoc|Mixed Platforms.Deploy.0 = Release|x86
		{CE3ADC65-679E-4E55-9D2F-91690AF23126}.Ad-Hoc|x86.ActiveCfg = Release|x86
		{CE3ADC65-679E-4E55-9D2F-91690AF23126}.Ad-Hoc|x86.Build.0 = Release|x86
		{CE3ADC65-679E-4E55-9D2F-91690AF23126}.Ad-Hoc|x86.Deploy.0 = Release|x86
		{CE3ADC65-679E-4E55-9D2F-91690AF23126}.AppStore|Any CPU.ActiveCfg = Release|Any CPU
		{CE3ADC65-679E-4E55-9D2F-91690AF23126}.AppStore|Any CPU.Build.0 = Release|Any CPU
		{CE3ADC65-679E-4E55-9D2F-91690AF23126}.AppStore|Any CPU.Deploy.0 = Release|Any CPU
		{CE3ADC65-679E-4E55-9D2F-91690AF23126}.AppStore|ARM.ActiveCfg = Release|ARM
		{CE3ADC65-679E-4E55-9D2F-91690AF23126}.AppStore|ARM.Build.0 = Release|ARM
		{CE3ADC65-679E-4E55-9D2F-91690AF23126}.AppStore|ARM.Deploy.0 = Release|ARM
		{CE3ADC65-679E-4E55-9D2F-91690AF23126}.AppStore|iPhone.ActiveCfg = Release|Any CPU
		{CE3ADC65-679E-4E55-9D2F-91690AF23126}.AppStore|iPhoneSimulator.ActiveCfg = Release|Any CPU
		{CE3ADC65-679E-4E55-9D2F-91690AF23126}.AppStore|Mixed Platforms.ActiveCfg = Release|x86
		{CE3ADC65-679E-4E55-9D2F-91690AF23126}.AppStore|Mixed Platforms.Build.0 = Release|x86
		{CE3ADC65-679E-4E55-9D2F-91690AF23126}.AppStore|Mixed Platforms.Deploy.0 = Release|x86
		{CE3ADC65-679E-4E55-9D2F-91690AF23126}.AppStore|x86.ActiveCfg = Release|x86
		{CE3ADC65-679E-4E55-9D2F-91690AF23126}.AppStore|x86.Build.0 = Release|x86
		{CE3ADC65-679E-4E55-9D2F-91690AF23126}.AppStore|x86.Deploy.0 = Release|x86
		{CE3ADC65-679E-4E55-9D2F-91690AF23126}.Debug|Any CPU.ActiveCfg = Debug|Any CPU
		{CE3ADC65-679E-4E55-9D2F-91690AF23126}.Debug|Any CPU.Build.0 = Debug|Any CPU
		{CE3ADC65-679E-4E55-9D2F-91690AF23126}.Debug|Any CPU.Deploy.0 = Debug|Any CPU
		{CE3ADC65-679E-4E55-9D2F-91690AF23126}.Debug|ARM.ActiveCfg = Debug|ARM
		{CE3ADC65-679E-4E55-9D2F-91690AF23126}.Debug|ARM.Build.0 = Debug|ARM
		{CE3ADC65-679E-4E55-9D2F-91690AF23126}.Debug|ARM.Deploy.0 = Debug|ARM
		{CE3ADC65-679E-4E55-9D2F-91690AF23126}.Debug|iPhone.ActiveCfg = Debug|Any CPU
		{CE3ADC65-679E-4E55-9D2F-91690AF23126}.Debug|iPhoneSimulator.ActiveCfg = Debug|Any CPU
		{CE3ADC65-679E-4E55-9D2F-91690AF23126}.Debug|Mixed Platforms.ActiveCfg = Debug|x86
		{CE3ADC65-679E-4E55-9D2F-91690AF23126}.Debug|Mixed Platforms.Build.0 = Debug|x86
		{CE3ADC65-679E-4E55-9D2F-91690AF23126}.Debug|Mixed Platforms.Deploy.0 = Debug|x86
		{CE3ADC65-679E-4E55-9D2F-91690AF23126}.Debug|x86.ActiveCfg = Debug|x86
		{CE3ADC65-679E-4E55-9D2F-91690AF23126}.Debug|x86.Build.0 = Debug|x86
		{CE3ADC65-679E-4E55-9D2F-91690AF23126}.Debug|x86.Deploy.0 = Debug|x86
		{CE3ADC65-679E-4E55-9D2F-91690AF23126}.Release|Any CPU.ActiveCfg = Release|Any CPU
		{CE3ADC65-679E-4E55-9D2F-91690AF23126}.Release|Any CPU.Build.0 = Release|Any CPU
		{CE3ADC65-679E-4E55-9D2F-91690AF23126}.Release|Any CPU.Deploy.0 = Release|Any CPU
		{CE3ADC65-679E-4E55-9D2F-91690AF23126}.Release|ARM.ActiveCfg = Release|ARM
		{CE3ADC65-679E-4E55-9D2F-91690AF23126}.Release|ARM.Build.0 = Release|ARM
		{CE3ADC65-679E-4E55-9D2F-91690AF23126}.Release|ARM.Deploy.0 = Release|ARM
		{CE3ADC65-679E-4E55-9D2F-91690AF23126}.Release|iPhone.ActiveCfg = Release|Any CPU
		{CE3ADC65-679E-4E55-9D2F-91690AF23126}.Release|iPhoneSimulator.ActiveCfg = Release|Any CPU
		{CE3ADC65-679E-4E55-9D2F-91690AF23126}.Release|Mixed Platforms.ActiveCfg = Release|x86
		{CE3ADC65-679E-4E55-9D2F-91690AF23126}.Release|Mixed Platforms.Build.0 = Release|x86
		{CE3ADC65-679E-4E55-9D2F-91690AF23126}.Release|Mixed Platforms.Deploy.0 = Release|x86
		{CE3ADC65-679E-4E55-9D2F-91690AF23126}.Release|x86.ActiveCfg = Release|x86
		{CE3ADC65-679E-4E55-9D2F-91690AF23126}.Release|x86.Build.0 = Release|x86
		{CE3ADC65-679E-4E55-9D2F-91690AF23126}.Release|x86.Deploy.0 = Release|x86
	EndGlobalSection
	GlobalSection(SolutionProperties) = preSolution
		HideSolutionNode = FALSE
	EndGlobalSection
EndGlobal
